
Microsoft Visual Studio Solution File, Format Version 12.00
# Visual Studio Version 17
VisualStudioVersion = 17.10.35013.160
MinimumVisualStudioVersion = 10.0.40219.1
Project("{FAE04EC0-301F-11D3-BF4B-00C04F79EFBC}") = "CITestApp", "CITestApp\CITestApp.csproj", "{672D1A82-0E09-4641-BE82-21BF6B38E20E}"
EndProject
Global
	GlobalSection(SolutionConfigurationPlatforms) = preSolution
		Debug|Any CPU = Debug|Any CPU
		Release|Any CPU = Release|Any CPU
	EndGlobalSection
	GlobalSection(ProjectConfigurationPlatforms) = postSolution
		{672D1A82-0E09-4641-BE82-21BF6B38E20E}.Debug|Any CPU.ActiveCfg = Debug|Any CPU
		{672D1A82-0E09-4641-BE82-21BF6B38E20E}.Debug|Any CPU.Build.0 = Debug|Any CPU
		{672D1A82-0E09-4641-BE82-21BF6B38E20E}.Release|Any CPU.ActiveCfg = Release|Any CPU
		{672D1A82-0E09-4641-BE82-21BF6B38E20E}.Release|Any CPU.Build.0 = Release|Any CPU
	EndGlobalSection
	GlobalSection(SolutionProperties) = preSolution
		HideSolutionNode = FALSE
	EndGlobalSection
	GlobalSection(ExtensibilityGlobals) = postSolution
		SolutionGuid = {FB9CC70C-2FF4-45EE-BDAE-A1D87482E4F3}
	EndGlobalSection
EndGlobal
